
Microsoft Visual Studio Solution File, Format Version 12.00
# Visual Studio Version 16
VisualStudioVersion = 16.0.30413.136
MinimumVisualStudioVersion = 10.0.40219.1
Project("{9A19103F-16F7-4668-BE54-9A1E7A4F7556}") = "Entidades", "Entidades\Entidades.csproj", "{E6D2969F-2865-4FCF-9CB7-C662040720A2}"
EndProject
Project("{FAE04EC0-301F-11D3-BF4B-00C04F79EFBC}") = "Forms", "FormMain\Forms.csproj", "{B84734D9-2668-4E4A-B4CB-45ADDF478611}"
EndProject
Global
	GlobalSection(SolutionConfigurationPlatforms) = preSolution
		Debug|Any CPU = Debug|Any CPU
		Release|Any CPU = Release|Any CPU
	EndGlobalSection
	GlobalSection(ProjectConfigurationPlatforms) = postSolution
		{E6D2969F-2865-4FCF-9CB7-C662040720A2}.Debug|Any CPU.ActiveCfg = Debug|Any CPU
		{E6D2969F-2865-4FCF-9CB7-C662040720A2}.Debug|Any CPU.Build.0 = Debug|Any CPU
		{E6D2969F-2865-4FCF-9CB7-C662040720A2}.Release|Any CPU.ActiveCfg = Release|Any CPU
		{E6D2969F-2865-4FCF-9CB7-C662040720A2}.Release|Any CPU.Build.0 = Release|Any CPU
		{B84734D9-2668-4E4A-B4CB-45ADDF478611}.Debug|Any CPU.ActiveCfg = Debug|Any CPU
		{B84734D9-2668-4E4A-B4CB-45ADDF478611}.Debug|Any CPU.Build.0 = Debug|Any CPU
		{B84734D9-2668-4E4A-B4CB-45ADDF478611}.Release|Any CPU.ActiveCfg = Release|Any CPU
		{B84734D9-2668-4E4A-B4CB-45ADDF478611}.Release|Any CPU.Build.0 = Release|Any CPU
	EndGlobalSection
	GlobalSection(SolutionProperties) = preSolution
		HideSolutionNode = FALSE
	EndGlobalSection
	GlobalSection(ExtensibilityGlobals) = postSolution
		SolutionGuid = {A8125378-75C2-483B-A5AE-13F700C9831C}
	EndGlobalSection
EndGlobal
